
Microsoft Visual Studio Solution File, Format Version 12.00
# Visual Studio Version 17
VisualStudioVersion = 17.9.34728.123
MinimumVisualStudioVersion = 10.0.40219.1
Project("{9A19103F-16F7-4668-BE54-9A1E7A4F7556}") = "ContatoService.Core", "ContatoService\Core\ContatoService.Core.csproj", "{C9A1A3E8-6F1C-49E1-9FBE-BB87E9F34E4E}"
EndProject
Project("{9A19103F-16F7-4668-BE54-9A1E7A4F7556}") = "ContatoService.Infraestrutura", "ContatoService\Infraestrutura\ContatoService.Infraestrutura.csproj", "{702CFBB6-23FF-46BB-B937-8A4845037033}"
EndProject
Project("{9A19103F-16F7-4668-BE54-9A1E7A4F7556}") = "ContatoService.Aplicacao", "ContatoService\Aplicacao\ContatoService.Aplicacao.csproj", "{91F83DB2-F021-435B-8E5F-78912FA3EB61}"
EndProject
Project("{9A19103F-16F7-4668-BE54-9A1E7A4F7556}") = "ContatoService.API", "ContatoService\ContatoAPI\ContatoService.API.csproj", "{B575209D-EC9F-4C47-86E8-34A13A301F5C}"
EndProject
Project("{9A19103F-16F7-4668-BE54-9A1E7A4F7556}") = "ContatoService.Testes", "ContatoService\Teste\ContatoService.Testes.csproj", "{3E10BB22-949A-45C6-B361-30CDE98F4CD0}"
EndProject
Project("{2150E333-8FDC-42A3-9474-1A3956D46DE8}") = "ContatoService", "ContatoService", "{F5A3A1E6-02ED-437F-BF2E-9513EEE560F5}"
EndProject
Project("{2150E333-8FDC-42A3-9474-1A3956D46DE8}") = "Services", "Services", "{4B564AC1-CCBB-418F-8705-4B2A7A89D14C}"
EndProject
Project("{9A19103F-16F7-4668-BE54-9A1E7A4F7556}") = "LocalizacaoService.API", "LocalizacaoService\LocalizacaoService.API\LocalizacaoService.API.csproj", "{0560B40E-01DD-41D9-993C-DFEB61F252AB}"
EndProject
Project("{9A19103F-16F7-4668-BE54-9A1E7A4F7556}") = "LocalizacaoService.Testes", "LocalizacaoService\LocalizacaoService.Testes\LocalizacaoService.Testes.csproj", "{E1EE26EA-FCCE-4E9B-805D-F6370E65FF62}"
EndProject
Project("{2150E333-8FDC-42A3-9474-1A3956D46DE8}") = "Testes", "Testes", "{92204F57-F639-4E53-BE51-D91A25DCEB80}"
EndProject
Project("{2150E333-8FDC-42A3-9474-1A3956D46DE8}") = "LocalizacaoService", "LocalizacaoService", "{9A04B810-F5FB-4A81-B4F3-BE79F7E66F03}"
EndProject
Global
	GlobalSection(SolutionConfigurationPlatforms) = preSolution
		Debug|Any CPU = Debug|Any CPU
		Release|Any CPU = Release|Any CPU
	EndGlobalSection
	GlobalSection(ProjectConfigurationPlatforms) = postSolution
		{C9A1A3E8-6F1C-49E1-9FBE-BB87E9F34E4E}.Debug|Any CPU.ActiveCfg = Debug|Any CPU
		{C9A1A3E8-6F1C-49E1-9FBE-BB87E9F34E4E}.Debug|Any CPU.Build.0 = Debug|Any CPU
		{C9A1A3E8-6F1C-49E1-9FBE-BB87E9F34E4E}.Release|Any CPU.ActiveCfg = Release|Any CPU
		{C9A1A3E8-6F1C-49E1-9FBE-BB87E9F34E4E}.Release|Any CPU.Build.0 = Release|Any CPU
		{702CFBB6-23FF-46BB-B937-8A4845037033}.Debug|Any CPU.ActiveCfg = Debug|Any CPU
		{702CFBB6-23FF-46BB-B937-8A4845037033}.Debug|Any CPU.Build.0 = Debug|Any CPU
		{702CFBB6-23FF-46BB-B937-8A4845037033}.Release|Any CPU.ActiveCfg = Release|Any CPU
		{702CFBB6-23FF-46BB-B937-8A4845037033}.Release|Any CPU.Build.0 = Release|Any CPU
		{91F83DB2-F021-435B-8E5F-78912FA3EB61}.Debug|Any CPU.ActiveCfg = Debug|Any CPU
		{91F83DB2-F021-435B-8E5F-78912FA3EB61}.Debug|Any CPU.Build.0 = Debug|Any CPU
		{91F83DB2-F021-435B-8E5F-78912FA3EB61}.Release|Any CPU.ActiveCfg = Release|Any CPU
		{91F83DB2-F021-435B-8E5F-78912FA3EB61}.Release|Any CPU.Build.0 = Release|Any CPU
		{B575209D-EC9F-4C47-86E8-34A13A301F5C}.Debug|Any CPU.ActiveCfg = Debug|Any CPU
		{B575209D-EC9F-4C47-86E8-34A13A301F5C}.Debug|Any CPU.Build.0 = Debug|Any CPU
		{B575209D-EC9F-4C47-86E8-34A13A301F5C}.Release|Any CPU.ActiveCfg = Release|Any CPU
		{B575209D-EC9F-4C47-86E8-34A13A301F5C}.Release|Any CPU.Build.0 = Release|Any CPU
		{3E10BB22-949A-45C6-B361-30CDE98F4CD0}.Debug|Any CPU.ActiveCfg = Debug|Any CPU
		{3E10BB22-949A-45C6-B361-30CDE98F4CD0}.Debug|Any CPU.Build.0 = Debug|Any CPU
		{3E10BB22-949A-45C6-B361-30CDE98F4CD0}.Release|Any CPU.ActiveCfg = Release|Any CPU
		{3E10BB22-949A-45C6-B361-30CDE98F4CD0}.Release|Any CPU.Build.0 = Release|Any CPU
		{0560B40E-01DD-41D9-993C-DFEB61F252AB}.Debug|Any CPU.ActiveCfg = Debug|Any CPU
		{0560B40E-01DD-41D9-993C-DFEB61F252AB}.Debug|Any CPU.Build.0 = Debug|Any CPU
		{0560B40E-01DD-41D9-993C-DFEB61F252AB}.Release|Any CPU.ActiveCfg = Release|Any CPU
		{0560B40E-01DD-41D9-993C-DFEB61F252AB}.Release|Any CPU.Build.0 = Release|Any CPU
		{E1EE26EA-FCCE-4E9B-805D-F6370E65FF62}.Debug|Any CPU.ActiveCfg = Debug|Any CPU
		{E1EE26EA-FCCE-4E9B-805D-F6370E65FF62}.Debug|Any CPU.Build.0 = Debug|Any CPU
		{E1EE26EA-FCCE-4E9B-805D-F6370E65FF62}.Release|Any CPU.ActiveCfg = Release|Any CPU
		{E1EE26EA-FCCE-4E9B-805D-F6370E65FF62}.Release|Any CPU.Build.0 = Release|Any CPU
	EndGlobalSection
	GlobalSection(SolutionProperties) = preSolution
		HideSolutionNode = FALSE
	EndGlobalSection
	GlobalSection(NestedProjects) = preSolution
		{C9A1A3E8-6F1C-49E1-9FBE-BB87E9F34E4E} = {F5A3A1E6-02ED-437F-BF2E-9513EEE560F5}
		{702CFBB6-23FF-46BB-B937-8A4845037033} = {F5A3A1E6-02ED-437F-BF2E-9513EEE560F5}
		{91F83DB2-F021-435B-8E5F-78912FA3EB61} = {F5A3A1E6-02ED-437F-BF2E-9513EEE560F5}
		{B575209D-EC9F-4C47-86E8-34A13A301F5C} = {F5A3A1E6-02ED-437F-BF2E-9513EEE560F5}
		{3E10BB22-949A-45C6-B361-30CDE98F4CD0} = {92204F57-F639-4E53-BE51-D91A25DCEB80}
		{F5A3A1E6-02ED-437F-BF2E-9513EEE560F5} = {4B564AC1-CCBB-418F-8705-4B2A7A89D14C}
		{0560B40E-01DD-41D9-993C-DFEB61F252AB} = {9A04B810-F5FB-4A81-B4F3-BE79F7E66F03}
		{E1EE26EA-FCCE-4E9B-805D-F6370E65FF62} = {92204F57-F639-4E53-BE51-D91A25DCEB80}
		{9A04B810-F5FB-4A81-B4F3-BE79F7E66F03} = {4B564AC1-CCBB-418F-8705-4B2A7A89D14C}
	EndGlobalSection
	GlobalSection(ExtensibilityGlobals) = postSolution
		SolutionGuid = {FE07AE9E-F42B-4431-A9A4-A131B7FDD376}
	EndGlobalSection
EndGlobal
